{
  "name": "forge-solve-oracle",
  "lockfileVersion": 3,
  "requires": true,
  "packages": {
    "": {
      "name": "forge-solve-oracle",
      "license": "MPL-2.0",
      "devDependencies": {
        "@salusoft89/planegcs": "1.2.0"
      }
    },
    "node_modules/@salusoft89/planegcs": {
      "version": "1.2.0",
      "resolved": "https://registry.npmjs.org/@salusoft89/planegcs/-/planegcs-1.2.0.tgz",
      "integrity": "sha512-NcdWJnJRCnIDvM9yJD98Jm8qaK//wRqMEbJ0WtibKnhbzI484TjIEbYD6EVUZejndXGC9yBkuKgqXg+9buzi6Q==",
      "dev": true,
      "license": "LGPL-2.0-or-later"
    }
  }
}
